
Microsoft Visual Studio Solution File, Format Version 12.00
# Visual Studio Version 17
VisualStudioVersion = 17.8.34330.188
MinimumVisualStudioVersion = 10.0.40219.1
Project("{9A19103F-16F7-4668-BE54-9A1E7A4F7556}") = "EstlcamEx", "src\EstlcamEx.csproj", "{6EE91C74-80C2-44C6-9DE1-C2DEAC952511}"
EndProject
Project("{2150E333-8FDC-42A3-9474-1A3956D46DE8}") = "Solution Items", "Solution Items", "{82341D6D-E91A-4D2E-9D18-E762B6557982}"
	ProjectSection(SolutionItems) = preProject
		.gitignore = .gitignore
		.github\workflows\dotnet-desktop.yml = .github\workflows\dotnet-desktop.yml
		README.md = README.md
	EndProjectSection
EndProject
Global
	GlobalSection(SolutionConfigurationPlatforms) = preSolution
		Debug|Any CPU = Debug|Any CPU
		Release|Any CPU = Release|Any CPU
	EndGlobalSection
	GlobalSection(ProjectConfigurationPlatforms) = postSolution
		{6EE91C74-80C2-44C6-9DE1-C2DEAC952511}.Debug|Any CPU.ActiveCfg = Debug|Any CPU
		{6EE91C74-80C2-44C6-9DE1-C2DEAC952511}.Debug|Any CPU.Build.0 = Debug|Any CPU
		{6EE91C74-80C2-44C6-9DE1-C2DEAC952511}.Release|Any CPU.ActiveCfg = Release|Any CPU
		{6EE91C74-80C2-44C6-9DE1-C2DEAC952511}.Release|Any CPU.Build.0 = Release|Any CPU
	EndGlobalSection
	GlobalSection(SolutionProperties) = preSolution
		HideSolutionNode = FALSE
	EndGlobalSection
	GlobalSection(ExtensibilityGlobals) = postSolution
		SolutionGuid = {683399AE-FDB3-4554-9C73-C96BC64678DA}
	EndGlobalSection
EndGlobal
